
Microsoft Visual Studio Solution File, Format Version 12.00
# Visual Studio Version 16
VisualStudioVersion = 16.0.30503.244
MinimumVisualStudioVersion = 10.0.40219.1
Project("{FAE04EC0-301F-11D3-BF4B-00C04F79EFBC}") = "CaesarCode", "CaesarCode\CaesarCode.csproj", "{08E74013-08E0-4061-AA06-1FEB79E578D5}"
EndProject
Global
	GlobalSection(SolutionConfigurationPlatforms) = preSolution
		Debug|Any CPU = Debug|Any CPU
		Release|Any CPU = Release|Any CPU
	EndGlobalSection
	GlobalSection(ProjectConfigurationPlatforms) = postSolution
		{08E74013-08E0-4061-AA06-1FEB79E578D5}.Debug|Any CPU.ActiveCfg = Debug|Any CPU
		{08E74013-08E0-4061-AA06-1FEB79E578D5}.Debug|Any CPU.Build.0 = Debug|Any CPU
		{08E74013-08E0-4061-AA06-1FEB79E578D5}.Release|Any CPU.ActiveCfg = Release|Any CPU
		{08E74013-08E0-4061-AA06-1FEB79E578D5}.Release|Any CPU.Build.0 = Release|Any CPU
	EndGlobalSection
	GlobalSection(SolutionProperties) = preSolution
		HideSolutionNode = FALSE
	EndGlobalSection
	GlobalSection(ExtensibilityGlobals) = postSolution
		SolutionGuid = {F2ACAAE1-0DFB-4813-BD9F-A3C0862C2D69}
	EndGlobalSection
EndGlobal
